// !$*UTF8*$!
{
	archiveVersion = 1;
	classes = {
	};
	objectVersion = 56;
	objects = {

/* Begin PBXBuildFile section */
		400C5B652BCBC51700BB7E3A /* AppDelegate.swift in Sources */ = {isa = PBXBuildFile; fileRef = 400C5B642BCBC51700BB7E3A /* AppDelegate.swift */; };
		400C5B672BCBC51700BB7E3A /* SceneDelegate.swift in Sources */ = {isa = PBXBuildFile; fileRef = 400C5B662BCBC51700BB7E3A /* SceneDelegate.swift */; };
		400C5B6C2BCBC51700BB7E3A /* Base in Resources */ = {isa = PBXBuildFile; fileRef = 400C5B6B2BCBC51700BB7E3A /* Base */; };
		400C5B6E2BCBC51800BB7E3A /* Assets.xcassets in Resources */ = {isa = PBXBuildFile; fileRef = 400C5B6D2BCBC51800BB7E3A /* Assets.xcassets */; };
		400C5B712BCBC51800BB7E3A /* Base in Resources */ = {isa = PBXBuildFile; fileRef = 400C5B702BCBC51800BB7E3A /* Base */; };
		400C5B792BCBC55B00BB7E3A /* Coordinator.swift in Sources */ = {isa = PBXBuildFile; fileRef = 400C5B782BCBC55B00BB7E3A /* Coordinator.swift */; };
		400C5B7B2BCBC57A00BB7E3A /* AppCoordinator.swift in Sources */ = {isa = PBXBuildFile; fileRef = 400C5B7A2BCBC57A00BB7E3A /* AppCoordinator.swift */; };
		400C5B7D2BCBC61000BB7E3A /* AuthCoordinator.swift in Sources */ = {isa = PBXBuildFile; fileRef = 400C5B7C2BCBC61000BB7E3A /* AuthCoordinator.swift */; };
		400C5B7F2BCBC70C00BB7E3A /* SignUpController.swift in Sources */ = {isa = PBXBuildFile; fileRef = 400C5B7E2BCBC70C00BB7E3A /* SignUpController.swift */; };
		400C5B822BCBCC5D00BB7E3A /* HomeCoordinator.swift in Sources */ = {isa = PBXBuildFile; fileRef = 400C5B812BCBCC5D00BB7E3A /* HomeCoordinator.swift */; };
		400C5B842BCBCCF300BB7E3A /* HomeController.swift in Sources */ = {isa = PBXBuildFile; fileRef = 400C5B832BCBCCF300BB7E3A /* HomeController.swift */; };
		400C5B862BCBCF3B00BB7E3A /* SignUpViewModel.swift in Sources */ = {isa = PBXBuildFile; fileRef = 400C5B852BCBCF3B00BB7E3A /* SignUpViewModel.swift */; };
		400C5B882BCBD27300BB7E3A /* LoginController.swift in Sources */ = {isa = PBXBuildFile; fileRef = 400C5B872BCBD27300BB7E3A /* LoginController.swift */; };
		400C5B8D2BCBD32500BB7E3A /* Auth.storyboard in Resources */ = {isa = PBXBuildFile; fileRef = 400C5B8C2BCBD32500BB7E3A /* Auth.storyboard */; };
		400C5B902BCBD8F000BB7E3A /* LoginViewModel.swift in Sources */ = {isa = PBXBuildFile; fileRef = 400C5B8F2BCBD8F000BB7E3A /* LoginViewModel.swift */; };
		400C5B922BCBDE2700BB7E3A /* HomeTabbarController.swift in Sources */ = {isa = PBXBuildFile; fileRef = 400C5B912BCBDE2700BB7E3A /* HomeTabbarController.swift */; };
		400C5B942BCBDE6200BB7E3A /* MoreController.swift in Sources */ = {isa = PBXBuildFile; fileRef = 400C5B932BCBDE6200BB7E3A /* MoreController.swift */; };
		400C5B962BCBE22600BB7E3A /* Storyboarded.swift in Sources */ = {isa = PBXBuildFile; fileRef = 400C5B952BCBE22600BB7E3A /* Storyboarded.swift */; };
/* End PBXBuildFile section */

/* Begin PBXFileReference section */
		400C5B612BCBC51700BB7E3A /* CoordinatorPattern.app */ = {isa = PBXFileReference; explicitFileType = wrapper.application; includeInIndex = 0; path = CoordinatorPattern.app; sourceTree = BUILT_PRODUCTS_DIR; };
		400C5B642BCBC51700BB7E3A /* AppDelegate.swift */ = {isa = PBXFileReference; lastKnownFileType = sourcecode.swift; path = AppDelegate.swift; sourceTree = "<group>"; };
		400C5B662BCBC51700BB7E3A /* SceneDelegate.swift */ = {isa = PBXFileReference; lastKnownFileType = sourcecode.swift; path = SceneDelegate.swift; sourceTree = "<group>"; };
		400C5B6B2BCBC51700BB7E3A /* Base */ = {isa = PBXFileReference; lastKnownFileType = file.storyboard; name = Base; path = Base.lproj/Main.storyboard; sourceTree = "<group>"; };
		400C5B6D2BCBC51800BB7E3A /* Assets.xcassets */ = {isa = PBXFileReference; lastKnownFileType = folder.assetcatalog; path = Assets.xcassets; sourceTree = "<group>"; };
		400C5B702BCBC51800BB7E3A /* Base */ = {isa = PBXFileReference; lastKnownFileType = file.storyboard; name = Base; path = Base.lproj/LaunchScreen.storyboard; sourceTree = "<group>"; };
		400C5B722BCBC51800BB7E3A /* Info.plist */ = {isa = PBXFileReference; lastKnownFileType = text.plist.xml; path = Info.plist; sourceTree = "<group>"; };
		400C5B782BCBC55B00BB7E3A /* Coordinator.swift */ = {isa = PBXFileReference; lastKnownFileType = sourcecode.swift; path = Coordinator.swift; sourceTree = "<group>"; };
		400C5B7A2BCBC57A00BB7E3A /* AppCoordinator.swift */ = {isa = PBXFileReference; lastKnownFileType = sourcecode.swift; path = AppCoordinator.swift; sourceTree = "<group>"; };
		400C5B7C2BCBC61000BB7E3A /* AuthCoordinator.swift */ = {isa = PBXFileReference; lastKnownFileType = sourcecode.swift; path = AuthCoordinator.swift; sourceTree = "<group>"; };
		400C5B7E2BCBC70C00BB7E3A /* SignUpController.swift */ = {isa = PBXFileReference; lastKnownFileType = sourcecode.swift; path = SignUpController.swift; sourceTree = "<group>"; };
		400C5B812BCBCC5D00BB7E3A /* HomeCoordinator.swift */ = {isa = PBXFileReference; lastKnownFileType = sourcecode.swift; path = HomeCoordinator.swift; sourceTree = "<group>"; };
		400C5B832BCBCCF300BB7E3A /* HomeController.swift */ = {isa = PBXFileReference; lastKnownFileType = sourcecode.swift; path = HomeController.swift; sourceTree = "<group>"; };
		400C5B852BCBCF3B00BB7E3A /* SignUpViewModel.swift */ = {isa = PBXFileReference; lastKnownFileType = sourcecode.swift; path = SignUpViewModel.swift; sourceTree = "<group>"; };
		400C5B872BCBD27300BB7E3A /* LoginController.swift */ = {isa = PBXFileReference; lastKnownFileType = sourcecode.swift; path = LoginController.swift; sourceTree = "<group>"; };
		400C5B8C2BCBD32500BB7E3A /* Auth.storyboard */ = {isa = PBXFileReference; lastKnownFileType = file.storyboard; path = Auth.storyboard; sourceTree = "<group>"; };
		400C5B8F2BCBD8F000BB7E3A /* LoginViewModel.swift */ = {isa = PBXFileReference; lastKnownFileType = sourcecode.swift; path = LoginViewModel.swift; sourceTree = "<group>"; };
		400C5B912BCBDE2700BB7E3A /* HomeTabbarController.swift */ = {isa = PBXFileReference; lastKnownFileType = sourcecode.swift; path = HomeTabbarController.swift; sourceTree = "<group>"; };
		400C5B932BCBDE6200BB7E3A /* MoreController.swift */ = {isa = PBXFileReference; lastKnownFileType = sourcecode.swift; path = MoreController.swift; sourceTree = "<group>"; };
		400C5B952BCBE22600BB7E3A /* Storyboarded.swift */ = {isa = PBXFileReference; lastKnownFileType = sourcecode.swift; path = Storyboarded.swift; sourceTree = "<group>"; };
/* End PBXFileReference section */

/* Begin PBXFrameworksBuildPhase section */
		400C5B5E2BCBC51700BB7E3A /* Frameworks */ = {
			isa = PBXFrameworksBuildPhase;
			buildActionMask = 2147483647;
			files = (
			);
			runOnlyForDeploymentPostprocessing = 0;
		};
/* End PBXFrameworksBuildPhase section */

/* Begin PBXGroup section */
		400C5B582BCBC51700BB7E3A = {
			isa = PBXGroup;
			children = (
				400C5B632BCBC51700BB7E3A /* CoordinatorPattern */,
				400C5B622BCBC51700BB7E3A /* Products */,
			);
			sourceTree = "<group>";
		};
		400C5B622BCBC51700BB7E3A /* Products */ = {
			isa = PBXGroup;
			children = (
				400C5B612BCBC51700BB7E3A /* CoordinatorPattern.app */,
			);
			name = Products;
			sourceTree = "<group>";
		};
		400C5B632BCBC51700BB7E3A /* CoordinatorPattern */ = {
			isa = PBXGroup;
			children = (
				400C5B642BCBC51700BB7E3A /* AppDelegate.swift */,
				400C5B662BCBC51700BB7E3A /* SceneDelegate.swift */,
				400C5B802BCBC71000BB7E3A /* Core */,
				400C5B892BCBD2D400BB7E3A /* Auth */,
				400C5B8E2BCBD36200BB7E3A /* Home */,
				400C5B6D2BCBC51800BB7E3A /* Assets.xcassets */,
				400C5B6F2BCBC51800BB7E3A /* LaunchScreen.storyboard */,
				400C5B722BCBC51800BB7E3A /* Info.plist */,
			);
			path = CoordinatorPattern;
			sourceTree = "<group>";
		};
		400C5B802BCBC71000BB7E3A /* Core */ = {
			isa = PBXGroup;
			children = (
				400C5B782BCBC55B00BB7E3A /* Coordinator.swift */,
				400C5B7A2BCBC57A00BB7E3A /* AppCoordinator.swift */,
				400C5B952BCBE22600BB7E3A /* Storyboarded.swift */,
			);
			path = Core;
			sourceTree = "<group>";
		};
		400C5B892BCBD2D400BB7E3A /* Auth */ = {
			isa = PBXGroup;
			children = (
				400C5B8C2BCBD32500BB7E3A /* Auth.storyboard */,
				400C5B7C2BCBC61000BB7E3A /* AuthCoordinator.swift */,
				400C5B8B2BCBD2FC00BB7E3A /* Login */,
				400C5B8A2BCBD2EA00BB7E3A /* SignUP */,
			);
			path = Auth;
			sourceTree = "<group>";
		};
		400C5B8A2BCBD2EA00BB7E3A /* SignUP */ = {
			isa = PBXGroup;
			children = (
				400C5B7E2BCBC70C00BB7E3A /* SignUpController.swift */,
				400C5B852BCBCF3B00BB7E3A /* SignUpViewModel.swift */,
			);
			path = SignUP;
			sourceTree = "<group>";
		};
		400C5B8B2BCBD2FC00BB7E3A /* Login */ = {
			isa = PBXGroup;
			children = (
				400C5B872BCBD27300BB7E3A /* LoginController.swift */,
				400C5B8F2BCBD8F000BB7E3A /* LoginViewModel.swift */,
			);
			path = Login;
			sourceTree = "<group>";
		};
		400C5B8E2BCBD36200BB7E3A /* Home */ = {
			isa = PBXGroup;
			children = (
				400C5B6A2BCBC51700BB7E3A /* Main.storyboard */,
				400C5B832BCBCCF300BB7E3A /* HomeController.swift */,
				400C5B932BCBDE6200BB7E3A /* MoreController.swift */,
				400C5B812BCBCC5D00BB7E3A /* HomeCoordinator.swift */,
				400C5B912BCBDE2700BB7E3A /* HomeTabbarController.swift */,
			);
			path = Home;
			sourceTree = "<group>";
		};
/* End PBXGroup section */

/* Begin PBXNativeTarget section */
		400C5B602BCBC51700BB7E3A /* CoordinatorPattern */ = {
			isa = PBXNativeTarget;
			buildConfigurationList = 400C5B752BCBC51800BB7E3A /* Build configuration list for PBXNativeTarget "CoordinatorPattern" */;
			buildPhases = (
				400C5B5D2BCBC51700BB7E3A /* Sources */,
				400C5B5E2BCBC51700BB7E3A /* Frameworks */,
				400C5B5F2BCBC51700BB7E3A /* Resources */,
			);
			buildRules = (
			);
			dependencies = (
			);
			name = CoordinatorPattern;
			productName = CoordinatorPattern;
			productReference = 400C5B612BCBC51700BB7E3A /* CoordinatorPattern.app */;
			productType = "com.apple.product-type.application";
		};
/* End PBXNativeTarget section */

/* Begin PBXProject section */
		400C5B592BCBC51700BB7E3A /* Project object */ = {
			isa = PBXProject;
			attributes = {
				BuildIndependentTargetsInParallel = 1;
				LastSwiftUpdateCheck = 1530;
				LastUpgradeCheck = 1530;
				TargetAttributes = {
					400C5B602BCBC51700BB7E3A = {
						CreatedOnToolsVersion = 15.3;
					};
				};
			};
			buildConfigurationList = 400C5B5C2BCBC51700BB7E3A /* Build configuration list for PBXProject "CoordinatorPattern" */;
			compatibilityVersion = "Xcode 14.0";
			developmentRegion = en;
			hasScannedForEncodings = 0;
			knownRegions = (
				en,
				Base,
			);
			mainGroup = 400C5B582BCBC51700BB7E3A;
			productRefGroup = 400C5B622BCBC51700BB7E3A /* Products */;
			projectDirPath = "";
			projectRoot = "";
			targets = (
				400C5B602BCBC51700BB7E3A /* CoordinatorPattern */,
			);
		};
/* End PBXProject section */

/* Begin PBXResourcesBuildPhase section */
		400C5B5F2BCBC51700BB7E3A /* Resources */ = {
			isa = PBXResourcesBuildPhase;
			buildActionMask = 2147483647;
			files = (
				400C5B8D2BCBD32500BB7E3A /* Auth.storyboard in Resources */,
				400C5B6E2BCBC51800BB7E3A /* Assets.xcassets in Resources */,
				400C5B712BCBC51800BB7E3A /* Base in Resources */,
				400C5B6C2BCBC51700BB7E3A /* Base in Resources */,
			);
			runOnlyForDeploymentPostprocessing = 0;
		};
/* End PBXResourcesBuildPhase section */

/* Begin PBXSourcesBuildPhase section */
		400C5B5D2BCBC51700BB7E3A /* Sources */ = {
			isa = PBXSourcesBuildPhase;
			buildActionMask = 2147483647;
			files = (
				400C5B792BCBC55B00BB7E3A /* Coordinator.swift in Sources */,
				400C5B7F2BCBC70C00BB7E3A /* SignUpController.swift in Sources */,
				400C5B922BCBDE2700BB7E3A /* HomeTabbarController.swift in Sources */,
				400C5B902BCBD8F000BB7E3A /* LoginViewModel.swift in Sources */,
				400C5B7B2BCBC57A00BB7E3A /* AppCoordinator.swift in Sources */,
				400C5B652BCBC51700BB7E3A /* AppDelegate.swift in Sources */,
				400C5B862BCBCF3B00BB7E3A /* SignUpViewModel.swift in Sources */,
				400C5B842BCBCCF300BB7E3A /* HomeController.swift in Sources */,
				400C5B7D2BCBC61000BB7E3A /* AuthCoordinator.swift in Sources */,
				400C5B942BCBDE6200BB7E3A /* MoreController.swift in Sources */,
				400C5B822BCBCC5D00BB7E3A /* HomeCoordinator.swift in Sources */,
				400C5B672BCBC51700BB7E3A /* SceneDelegate.swift in Sources */,
				400C5B882BCBD27300BB7E3A /* LoginController.swift in Sources */,
				400C5B962BCBE22600BB7E3A /* Storyboarded.swift in Sources */,
			);
			runOnlyForDeploymentPostprocessing = 0;
		};
/* End PBXSourcesBuildPhase section */

/* Begin PBXVariantGroup section */
		400C5B6A2BCBC51700BB7E3A /* Main.storyboard */ = {
			isa = PBXVariantGroup;
			children = (
				400C5B6B2BCBC51700BB7E3A /* Base */,
			);
			name = Main.storyboard;
			sourceTree = "<group>";
		};
		400C5B6F2BCBC51800BB7E3A /* LaunchScreen.storyboard */ = {
			isa = PBXVariantGroup;
			children = (
				400C5B702BCBC51800BB7E3A /* Base */,
			);
			name = LaunchScreen.storyboard;
			sourceTree = "<group>";
		};
/* End PBXVariantGroup section */

/* Begin XCBuildConfiguration section */
		400C5B732BCBC51800BB7E3A /* Debug */ = {
			isa = XCBuildConfiguration;
			buildSettings = {
				ALWAYS_SEARCH_USER_PATHS = NO;
				ASSETCATALOG_COMPILER_GENERATE_SWIFT_ASSET_SYMBOL_EXTENSIONS = YES;
				CLANG_ANALYZER_NONNULL = YES;
				CLANG_ANALYZER_NUMBER_OBJECT_CONVERSION = YES_AGGRESSIVE;
				CLANG_CXX_LANGUAGE_STANDARD = "gnu++20";
				CLANG_ENABLE_MODULES = YES;
				CLANG_ENABLE_OBJC_ARC = YES;
				CLANG_ENABLE_OBJC_WEAK = YES;
				CLANG_WARN_BLOCK_CAPTURE_AUTORELEASING = YES;
				CLANG_WARN_BOOL_CONVERSION = YES;
				CLANG_WARN_COMMA = YES;
				CLANG_WARN_CONSTANT_CONVERSION = YES;
				CLANG_WARN_DEPRECATED_OBJC_IMPLEMENTATIONS = YES;
				CLANG_WARN_DIRECT_OBJC_ISA_USAGE = YES_ERROR;
				CLANG_WARN_DOCUMENTATION_COMMENTS = YES;
				CLANG_WARN_EMPTY_BODY = YES;
				CLANG_WARN_ENUM_CONVERSION = YES;
				CLANG_WARN_INFINITE_RECURSION = YES;
				CLANG_WARN_INT_CONVERSION = YES;
				CLANG_WARN_NON_LITERAL_NULL_CONVERSION = YES;
				CLANG_WARN_OBJC_IMPLICIT_RETAIN_SELF = YES;
				CLANG_WARN_OBJC_LITERAL_CONVERSION = YES;
				CLANG_WARN_OBJC_ROOT_CLASS = YES_ERROR;
				CLANG_WARN_QUOTED_INCLUDE_IN_FRAMEWORK_HEADER = YES;
				CLANG_WARN_RANGE_LOOP_ANALYSIS = YES;
				CLANG_WARN_STRICT_PROTOTYPES = YES;
				CLANG_WARN_SUSPICIOUS_MOVE = YES;
				CLANG_WARN_UNGUARDED_AVAILABILITY = YES_AGGRESSIVE;
				CLANG_WARN_UNREACHABLE_CODE = YES;
				CLANG_WARN__DUPLICATE_METHOD_MATCH = YES;
				COPY_PHASE_STRIP = NO;
				DEBUG_INFORMATION_FORMAT = dwarf;
				ENABLE_STRICT_OBJC_MSGSEND = YES;
				ENABLE_TESTABILITY = YES;
				ENABLE_USER_SCRIPT_SANDBOXING = YES;
				GCC_C_LANGUAGE_STANDARD = gnu17;
				GCC_DYNAMIC_NO_PIC = NO;
				GCC_NO_COMMON_BLOCKS = YES;
				GCC_OPTIMIZATION_LEVEL = 0;
				GCC_PREPROCESSOR_DEFINITIONS = (
					"DEBUG=1",
					"$(inherited)",
				);
				GCC_WARN_64_TO_32_BIT_CONVERSION = YES;
				GCC_WARN_ABOUT_RETURN_TYPE = YES_ERROR;
				GCC_WARN_UNDECLARED_SELECTOR = YES;
				GCC_WARN_UNINITIALIZED_AUTOS = YES_AGGRESSIVE;
				GCC_WARN_UNUSED_FUNCTION = YES;
				GCC_WARN_UNUSED_VARIABLE = YES;
				IPHONEOS_DEPLOYMENT_TARGET = 17.4;
				LOCALIZATION_PREFERS_STRING_CATALOGS = YES;
				MTL_ENABLE_DEBUG_INFO = INCLUDE_SOURCE;
				MTL_FAST_MATH = YES;
				ONLY_ACTIVE_ARCH = YES;
				SDKROOT = iphoneos;
				SWIFT_ACTIVE_COMPILATION_CONDITIONS = "DEBUG $(inherited)";
				SWIFT_OPTIMIZATION_LEVEL = "-Onone";
			};
			name = Debug;
		};
		400C5B742BCBC51800BB7E3A /* Release */ = {
			isa = XCBuildConfiguration;
			buildSettings = {
				ALWAYS_SEARCH_USER_PATHS = NO;
				ASSETCATALOG_COMPILER_GENERATE_SWIFT_ASSET_SYMBOL_EXTENSIONS = YES;
				CLANG_ANALYZER_NONNULL = YES;
				CLANG_ANALYZER_NUMBER_OBJECT_CONVERSION = YES_AGGRESSIVE;
				CLANG_CXX_LANGUAGE_STANDARD = "gnu++20";
				CLANG_ENABLE_MODULES = YES;
				CLANG_ENABLE_OBJC_ARC = YES;
				CLANG_ENABLE_OBJC_WEAK = YES;
				CLANG_WARN_BLOCK_CAPTURE_AUTORELEASING = YES;
				CLANG_WARN_BOOL_CONVERSION = YES;
				CLANG_WARN_COMMA = YES;
				CLANG_WARN_CONSTANT_CONVERSION = YES;
				CLANG_WARN_DEPRECATED_OBJC_IMPLEMENTATIONS = YES;
				CLANG_WARN_DIRECT_OBJC_ISA_USAGE = YES_ERROR;
				CLANG_WARN_DOCUMENTATION_COMMENTS = YES;
				CLANG_WARN_EMPTY_BODY = YES;
				CLANG_WARN_ENUM_CONVERSION = YES;
				CLANG_WARN_INFINITE_RECURSION = YES;
				CLANG_WARN_INT_CONVERSION = YES;
				CLANG_WARN_NON_LITERAL_NULL_CONVERSION = YES;
				CLANG_WARN_OBJC_IMPLICIT_RETAIN_SELF = YES;
				CLANG_WARN_OBJC_LITERAL_CONVERSION = YES;
				CLANG_WARN_OBJC_ROOT_CLASS = YES_ERROR;
				CLANG_WARN_QUOTED_INCLUDE_IN_FRAMEWORK_HEADER = YES;
				CLANG_WARN_RANGE_LOOP_ANALYSIS = YES;
				CLANG_WARN_STRICT_PROTOTYPES = YES;
				CLANG_WARN_SUSPICIOUS_MOVE = YES;
				CLANG_WARN_UNGUARDED_AVAILABILITY = YES_AGGRESSIVE;
				CLANG_WARN_UNREACHABLE_CODE = YES;
				CLANG_WARN__DUPLICATE_METHOD_MATCH = YES;
				COPY_PHASE_STRIP = NO;
				DEBUG_INFORMATION_FORMAT = "dwarf-with-dsym";
				ENABLE_NS_ASSERTIONS = NO;
				ENABLE_STRICT_OBJC_MSGSEND = YES;
				ENABLE_USER_SCRIPT_SANDBOXING = YES;
				GCC_C_LANGUAGE_STANDARD = gnu17;
				GCC_NO_COMMON_BLOCKS = YES;
				GCC_WARN_64_TO_32_BIT_CONVERSION = YES;
				GCC_WARN_ABOUT_RETURN_TYPE = YES_ERROR;
				GCC_WARN_UNDECLARED_SELECTOR = YES;
				GCC_WARN_UNINITIALIZED_AUTOS = YES_AGGRESSIVE;
				GCC_WARN_UNUSED_FUNCTION = YES;
				GCC_WARN_UNUSED_VARIABLE = YES;
				IPHONEOS_DEPLOYMENT_TARGET = 17.4;
				LOCALIZATION_PREFERS_STRING_CATALOGS = YES;
				MTL_ENABLE_DEBUG_INFO = NO;
				MTL_FAST_MATH = YES;
				SDKROOT = iphoneos;
				SWIFT_COMPILATION_MODE = wholemodule;
				VALIDATE_PRODUCT = YES;
			};
			name = Release;
		};
		400C5B762BCBC51800BB7E3A /* Debug */ = {
			isa = XCBuildConfiguration;
			buildSettings = {
				ASSETCATALOG_COMPILER_APPICON_NAME = AppIcon;
				ASSETCATALOG_COMPILER_GLOBAL_ACCENT_COLOR_NAME = AccentColor;
				CODE_SIGN_STYLE = Automatic;
				CURRENT_PROJECT_VERSION = 1;
				GENERATE_INFOPLIST_FILE = YES;
				INFOPLIST_FILE = CoordinatorPattern/Info.plist;
				INFOPLIST_KEY_UIApplicationSupportsIndirectInputEvents = YES;
				INFOPLIST_KEY_UILaunchStoryboardName = LaunchScreen;
				INFOPLIST_KEY_UIMainStoryboardFile = Main;
				INFOPLIST_KEY_UISupportedInterfaceOrientations_iPad = "UIInterfaceOrientationPortrait UIInterfaceOrientationPortraitUpsideDown UIInterfaceOrientationLandscapeLeft UIInterfaceOrientationLandscapeRight";
				INFOPLIST_KEY_UISupportedInterfaceOrientations_iPhone = "UIInterfaceOrientationPortrait UIInterfaceOrientationLandscapeLeft UIInterfaceOrientationLandscapeRight";
				LD_RUNPATH_SEARCH_PATHS = (
					"$(inherited)",
					"@executable_path/Frameworks",
				);
				MARKETING_VERSION = 1.0;
				PRODUCT_BUNDLE_IDENTIFIER = com.atl.CoordinatorPattern;
				PRODUCT_NAME = "$(TARGET_NAME)";
				SUPPORTED_PLATFORMS = "iphoneos iphonesimulator";
				SUPPORTS_MACCATALYST = NO;
				SUPPORTS_MAC_DESIGNED_FOR_IPHONE_IPAD = NO;
				SUPPORTS_XR_DESIGNED_FOR_IPHONE_IPAD = NO;
				SWIFT_EMIT_LOC_STRINGS = YES;
				SWIFT_VERSION = 5.0;
				TARGETED_DEVICE_FAMILY = 1;
			};
			name = Debug;
		};
		400C5B772BCBC51800BB7E3A /* Release */ = {
			isa = XCBuildConfiguration;
			buildSettings = {
				ASSETCATALOG_COMPILER_APPICON_NAME = AppIcon;
				ASSETCATALOG_COMPILER_GLOBAL_ACCENT_COLOR_NAME = AccentColor;
				CODE_SIGN_STYLE = Automatic;
				CURRENT_PROJECT_VERSION = 1;
				GENERATE_INFOPLIST_FILE = YES;
				INFOPLIST_FILE = CoordinatorPattern/Info.plist;
				INFOPLIST_KEY_UIApplicationSupportsIndirectInputEvents = YES;
				INFOPLIST_KEY_UILaunchStoryboardName = LaunchScreen;
				INFOPLIST_KEY_UIMainStoryboardFile = Main;
				INFOPLIST_KEY_UISupportedInterfaceOrientations_iPad = "UIInterfaceOrientationPortrait UIInterfaceOrientationPortraitUpsideDown UIInterfaceOrientationLandscapeLeft UIInterfaceOrientationLandscapeRight";
				INFOPLIST_KEY_UISupportedInterfaceOrientations_iPhone = "UIInterfaceOrientationPortrait UIInterfaceOrientationLandscapeLeft UIInterfaceOrientationLandscapeRight";
				LD_RUNPATH_SEARCH_PATHS = (
					"$(inherited)",
					"@executable_path/Frameworks",
				);
				MARKETING_VERSION = 1.0;
				PRODUCT_BUNDLE_IDENTIFIER = com.atl.CoordinatorPattern;
				PRODUCT_NAME = "$(TARGET_NAME)";
				SUPPORTED_PLATFORMS = "iphoneos iphonesimulator";
				SUPPORTS_MACCATALYST = NO;
				SUPPORTS_MAC_DESIGNED_FOR_IPHONE_IPAD = NO;
				SUPPORTS_XR_DESIGNED_FOR_IPHONE_IPAD = NO;
				SWIFT_EMIT_LOC_STRINGS = YES;
				SWIFT_VERSION = 5.0;
				TARGETED_DEVICE_FAMILY = 1;
			};
			name = Release;
		};
/* End XCBuildConfiguration section */

/* Begin XCConfigurationList section */
		400C5B5C2BCBC51700BB7E3A /* Build configuration list for PBXProject "CoordinatorPattern" */ = {
			isa = XCConfigurationList;
			buildConfigurations = (
				400C5B732BCBC51800BB7E3A /* Debug */,
				400C5B742BCBC51800BB7E3A /* Release */,
			);
			defaultConfigurationIsVisible = 0;
			defaultConfigurationName = Release;
		};
		400C5B752BCBC51800BB7E3A /* Build configuration list for PBXNativeTarget "CoordinatorPattern" */ = {
			isa = XCConfigurationList;
			buildConfigurations = (
				400C5B762BCBC51800BB7E3A /* Debug */,
				400C5B772BCBC51800BB7E3A /* Release */,
			);
			defaultConfigurationIsVisible = 0;
			defaultConfigurationName = Release;
		};
/* End XCConfigurationList section */
	};
	rootObject = 400C5B592BCBC51700BB7E3A /* Project object */;
}
